
Microsoft Visual Studio Solution File, Format Version 12.00
# Visual Studio 15
VisualStudioVersion = 15.0.28307.271
MinimumVisualStudioVersion = 10.0.40219.1
Project("{8BC9CEB8-8B4A-11D0-8D11-00A0C91BC942}") = "Graphing", "Graphing\Graphing.vcxproj", "{BEFA1D1F-C06A-4FBD-84E9-B9686292E798}"
EndProject
Global
	GlobalSection(SolutionConfigurationPlatforms) = preSolution
		Debug|x64 = Debug|x64
		Debug|x86 = Debug|x86
		Release|x64 = Release|x64
		Release|x86 = Release|x86
	EndGlobalSection
	GlobalSection(ProjectConfigurationPlatforms) = postSolution
		{BEFA1D1F-C06A-4FBD-84E9-B9686292E798}.Debug|x64.ActiveCfg = Debug|x64
		{BEFA1D1F-C06A-4FBD-84E9-B9686292E798}.Debug|x64.Build.0 = Debug|x64
		{BEFA1D1F-C06A-4FBD-84E9-B9686292E798}.Debug|x86.ActiveCfg = Debug|Win32
		{BEFA1D1F-C06A-4FBD-84E9-B9686292E798}.Debug|x86.Build.0 = Debug|Win32
		{BEFA1D1F-C06A-4FBD-84E9-B9686292E798}.Release|x64.ActiveCfg = Release|x64
		{BEFA1D1F-C06A-4FBD-84E9-B9686292E798}.Release|x64.Build.0 = Release|x64
		{BEFA1D1F-C06A-4FBD-84E9-B9686292E798}.Release|x86.ActiveCfg = Release|Win32
		{BEFA1D1F-C06A-4FBD-84E9-B9686292E798}.Release|x86.Build.0 = Release|Win32
	EndGlobalSection
	GlobalSection(SolutionProperties) = preSolution
		HideSolutionNode = FALSE
	EndGlobalSection
	GlobalSection(ExtensibilityGlobals) = postSolution
		SolutionGuid = {8D76CA4C-E166-4309-BCDA-84E24D571E57}
	EndGlobalSection
EndGlobal
